
Microsoft Visual Studio Solution File, Format Version 12.00
# Visual Studio Version 17
VisualStudioVersion = 17.4.33122.133
MinimumVisualStudioVersion = 10.0.40219.1
Project("{FAE04EC0-301F-11D3-BF4B-00C04F79EFBC}") = "ProjectDatMinUAS", "ProjectDatMinUAS.csproj", "{8445BDA2-0432-4FEE-843D-7FE800CF3BF6}"
EndProject
Project("{FAE04EC0-301F-11D3-BF4B-00C04F79EFBC}") = "DatMinUAS_LIB", "..\DatMinUAS_LIB\DatMinUAS_LIB.csproj", "{A08DE50C-5156-4C60-B358-4D9EE404E7A6}"
EndProject
Global
	GlobalSection(SolutionConfigurationPlatforms) = preSolution
		Debug|Any CPU = Debug|Any CPU
		Release|Any CPU = Release|Any CPU
	EndGlobalSection
	GlobalSection(ProjectConfigurationPlatforms) = postSolution
		{8445BDA2-0432-4FEE-843D-7FE800CF3BF6}.Debug|Any CPU.ActiveCfg = Debug|Any CPU
		{8445BDA2-0432-4FEE-843D-7FE800CF3BF6}.Debug|Any CPU.Build.0 = Debug|Any CPU
		{8445BDA2-0432-4FEE-843D-7FE800CF3BF6}.Release|Any CPU.ActiveCfg = Release|Any CPU
		{8445BDA2-0432-4FEE-843D-7FE800CF3BF6}.Release|Any CPU.Build.0 = Release|Any CPU
		{A08DE50C-5156-4C60-B358-4D9EE404E7A6}.Debug|Any CPU.ActiveCfg = Debug|Any CPU
		{A08DE50C-5156-4C60-B358-4D9EE404E7A6}.Debug|Any CPU.Build.0 = Debug|Any CPU
		{A08DE50C-5156-4C60-B358-4D9EE404E7A6}.Release|Any CPU.ActiveCfg = Release|Any CPU
		{A08DE50C-5156-4C60-B358-4D9EE404E7A6}.Release|Any CPU.Build.0 = Release|Any CPU
	EndGlobalSection
	GlobalSection(SolutionProperties) = preSolution
		HideSolutionNode = FALSE
	EndGlobalSection
	GlobalSection(ExtensibilityGlobals) = postSolution
		SolutionGuid = {38243CEA-B2B5-481B-9D06-7ADB8C8E24FE}
	EndGlobalSection
EndGlobal
